
Microsoft Visual Studio Solution File, Format Version 12.00
# Visual Studio Version 16
VisualStudioVersion = 16.0.29609.76
MinimumVisualStudioVersion = 10.0.40219.1
Project("{FAE04EC0-301F-11D3-BF4B-00C04F79EFBC}") = "Task1", "Task1\Task1.csproj", "{C4AB51CF-DF2B-4AEA-9F56-36D810B77203}"
EndProject
Project("{FAE04EC0-301F-11D3-BF4B-00C04F79EFBC}") = "Task2", "Task2\Task2.csproj", "{2B2B9626-72E6-45C3-839E-0730F51C50FF}"
EndProject
Project("{FAE04EC0-301F-11D3-BF4B-00C04F79EFBC}") = "Task3", "Task3\Task3.csproj", "{B8409509-32C0-4A97-9110-77DC7DAAB5EE}"
EndProject
Project("{FAE04EC0-301F-11D3-BF4B-00C04F79EFBC}") = "Task4", "Task4\Task4.csproj", "{5C75EF2F-82BF-4DD2-883D-4CED1433FFFE}"
EndProject
Project("{FAE04EC0-301F-11D3-BF4B-00C04F79EFBC}") = "Task5", "Task5\Task5.csproj", "{C9BC6829-F042-4550-8521-1F28CB067609}"
EndProject
Global
	GlobalSection(SolutionConfigurationPlatforms) = preSolution
		Debug|Any CPU = Debug|Any CPU
		Release|Any CPU = Release|Any CPU
	EndGlobalSection
	GlobalSection(ProjectConfigurationPlatforms) = postSolution
		{C4AB51CF-DF2B-4AEA-9F56-36D810B77203}.Debug|Any CPU.ActiveCfg = Debug|Any CPU
		{C4AB51CF-DF2B-4AEA-9F56-36D810B77203}.Debug|Any CPU.Build.0 = Debug|Any CPU
		{C4AB51CF-DF2B-4AEA-9F56-36D810B77203}.Release|Any CPU.ActiveCfg = Release|Any CPU
		{C4AB51CF-DF2B-4AEA-9F56-36D810B77203}.Release|Any CPU.Build.0 = Release|Any CPU
		{2B2B9626-72E6-45C3-839E-0730F51C50FF}.Debug|Any CPU.ActiveCfg = Debug|Any CPU
		{2B2B9626-72E6-45C3-839E-0730F51C50FF}.Debug|Any CPU.Build.0 = Debug|Any CPU
		{2B2B9626-72E6-45C3-839E-0730F51C50FF}.Release|Any CPU.ActiveCfg = Release|Any CPU
		{2B2B9626-72E6-45C3-839E-0730F51C50FF}.Release|Any CPU.Build.0 = Release|Any CPU
		{B8409509-32C0-4A97-9110-77DC7DAAB5EE}.Debug|Any CPU.ActiveCfg = Debug|Any CPU
		{B8409509-32C0-4A97-9110-77DC7DAAB5EE}.Debug|Any CPU.Build.0 = Debug|Any CPU
		{B8409509-32C0-4A97-9110-77DC7DAAB5EE}.Release|Any CPU.ActiveCfg = Release|Any CPU
		{B8409509-32C0-4A97-9110-77DC7DAAB5EE}.Release|Any CPU.Build.0 = Release|Any CPU
		{5C75EF2F-82BF-4DD2-883D-4CED1433FFFE}.Debug|Any CPU.ActiveCfg = Debug|Any CPU
		{5C75EF2F-82BF-4DD2-883D-4CED1433FFFE}.Debug|Any CPU.Build.0 = Debug|Any CPU
		{5C75EF2F-82BF-4DD2-883D-4CED1433FFFE}.Release|Any CPU.ActiveCfg = Release|Any CPU
		{5C75EF2F-82BF-4DD2-883D-4CED1433FFFE}.Release|Any CPU.Build.0 = Release|Any CPU
		{C9BC6829-F042-4550-8521-1F28CB067609}.Debug|Any CPU.ActiveCfg = Debug|Any CPU
		{C9BC6829-F042-4550-8521-1F28CB067609}.Debug|Any CPU.Build.0 = Debug|Any CPU
		{C9BC6829-F042-4550-8521-1F28CB067609}.Release|Any CPU.ActiveCfg = Release|Any CPU
		{C9BC6829-F042-4550-8521-1F28CB067609}.Release|Any CPU.Build.0 = Release|Any CPU
	EndGlobalSection
	GlobalSection(SolutionProperties) = preSolution
		HideSolutionNode = FALSE
	EndGlobalSection
	GlobalSection(ExtensibilityGlobals) = postSolution
		SolutionGuid = {4BA171A3-453A-4F4C-AD36-48D7779B6760}
	EndGlobalSection
EndGlobal
