
Microsoft Visual Studio Solution File, Format Version 12.00
# Visual Studio Version 16
VisualStudioVersion = 16.0.29609.76
MinimumVisualStudioVersion = 10.0.40219.1
Project("{FAE04EC0-301F-11D3-BF4B-00C04F79EFBC}") = "DirectumTask3", "DirectumTask3\DirectumTask3.csproj", "{D55454E9-255C-41BE-AF4E-6ED222B34D22}"
EndProject
Global
	GlobalSection(SolutionConfigurationPlatforms) = preSolution
		Debug|Any CPU = Debug|Any CPU
		Release|Any CPU = Release|Any CPU
	EndGlobalSection
	GlobalSection(ProjectConfigurationPlatforms) = postSolution
		{D55454E9-255C-41BE-AF4E-6ED222B34D22}.Debug|Any CPU.ActiveCfg = Debug|Any CPU
		{D55454E9-255C-41BE-AF4E-6ED222B34D22}.Debug|Any CPU.Build.0 = Debug|Any CPU
		{D55454E9-255C-41BE-AF4E-6ED222B34D22}.Release|Any CPU.ActiveCfg = Release|Any CPU
		{D55454E9-255C-41BE-AF4E-6ED222B34D22}.Release|Any CPU.Build.0 = Release|Any CPU
	EndGlobalSection
	GlobalSection(SolutionProperties) = preSolution
		HideSolutionNode = FALSE
	EndGlobalSection
	GlobalSection(ExtensibilityGlobals) = postSolution
		SolutionGuid = {4DB39E14-BC09-4DE6-AF60-EAA2B7C42B0D}
	EndGlobalSection
EndGlobal
